
Microsoft Visual Studio Solution File, Format Version 12.00
# Visual Studio Version 17
VisualStudioVersion = 17.8.34511.84
MinimumVisualStudioVersion = 10.0.40219.1
Project("{FAE04EC0-301F-11D3-BF4B-00C04F79EFBC}") = "TrainApp", "TrainApp\TrainApp.csproj", "{2EADFF5A-1C12-47B9-95B6-5916DD8ADC9A}"
EndProject
Global
	GlobalSection(SolutionConfigurationPlatforms) = preSolution
		Debug|Any CPU = Debug|Any CPU
		Release|Any CPU = Release|Any CPU
	EndGlobalSection
	GlobalSection(ProjectConfigurationPlatforms) = postSolution
		{2EADFF5A-1C12-47B9-95B6-5916DD8ADC9A}.Debug|Any CPU.ActiveCfg = Debug|Any CPU
		{2EADFF5A-1C12-47B9-95B6-5916DD8ADC9A}.Debug|Any CPU.Build.0 = Debug|Any CPU
		{2EADFF5A-1C12-47B9-95B6-5916DD8ADC9A}.Release|Any CPU.ActiveCfg = Release|Any CPU
		{2EADFF5A-1C12-47B9-95B6-5916DD8ADC9A}.Release|Any CPU.Build.0 = Release|Any CPU
	EndGlobalSection
	GlobalSection(SolutionProperties) = preSolution
		HideSolutionNode = FALSE
	EndGlobalSection
	GlobalSection(ExtensibilityGlobals) = postSolution
		SolutionGuid = {47963500-6BC5-445E-A330-190F484F64D1}
	EndGlobalSection
EndGlobal
